{
  "requires": true,
  "lockfileVersion": 1,
  "dependencies": {
    "prettier": {
      "version": "2.4.1",
      "resolved": "https://registry.nlark.com/prettier/download/prettier-2.4.1.tgz?cache=0&sync_timestamp=1631777167012&other_urls=https%3A%2F%2Fregistry.nlark.com%2Fprettier%2Fdownload%2Fprettier-2.4.1.tgz",
      "integrity": "sha1-Zx4RyJwUpM/Ids5WQQbEpnJsn1w=",
      "dev": true
    }
  }
}
